
Microsoft Visual Studio Solution File, Format Version 12.00
# Visual Studio Version 17
VisualStudioVersion = 17.9.34728.123
MinimumVisualStudioVersion = 10.0.40219.1
Project("{FAE04EC0-301F-11D3-BF4B-00C04F79EFBC}") = "ConsoleApp1", "ConsoleApp1\ConsoleApp1.csproj", "{0F76BF12-6901-4F2A-89C5-A59BCB799E63}"
EndProject
Global
	GlobalSection(SolutionConfigurationPlatforms) = preSolution
		Debug|Any CPU = Debug|Any CPU
		Release|Any CPU = Release|Any CPU
	EndGlobalSection
	GlobalSection(ProjectConfigurationPlatforms) = postSolution
		{0F76BF12-6901-4F2A-89C5-A59BCB799E63}.Debug|Any CPU.ActiveCfg = Debug|Any CPU
		{0F76BF12-6901-4F2A-89C5-A59BCB799E63}.Debug|Any CPU.Build.0 = Debug|Any CPU
		{0F76BF12-6901-4F2A-89C5-A59BCB799E63}.Release|Any CPU.ActiveCfg = Release|Any CPU
		{0F76BF12-6901-4F2A-89C5-A59BCB799E63}.Release|Any CPU.Build.0 = Release|Any CPU
	EndGlobalSection
	GlobalSection(SolutionProperties) = preSolution
		HideSolutionNode = FALSE
	EndGlobalSection
	GlobalSection(ExtensibilityGlobals) = postSolution
		SolutionGuid = {7C3796BA-8456-48CC-BD9A-005FBE55C1AB}
	EndGlobalSection
EndGlobal
